
Microsoft Visual Studio Solution File, Format Version 12.00
# Visual Studio Version 16
VisualStudioVersion = 16.0.32002.261
MinimumVisualStudioVersion = 10.0.40219.1
Project("{FAE04EC0-301F-11D3-BF4B-00C04F79EFBC}") = "CryptoTaxCalculator.Android", "CryptoTaxCalculator.Android\CryptoTaxCalculator.Android.csproj", "{67D6193A-B88D-46A8-A05E-3548CE19805F}"
EndProject
Project("{FAE04EC0-301F-11D3-BF4B-00C04F79EFBC}") = "CryptoTaxCalculator", "CryptoTaxCalculator\CryptoTaxCalculator.csproj", "{5AE6AF19-8648-40A6-ADC3-53A5D4B4F671}"
EndProject
Global
	GlobalSection(SolutionConfigurationPlatforms) = preSolution
		Debug|Any CPU = Debug|Any CPU
		Release|Any CPU = Release|Any CPU
	EndGlobalSection
	GlobalSection(ProjectConfigurationPlatforms) = postSolution
		{67D6193A-B88D-46A8-A05E-3548CE19805F}.Debug|Any CPU.ActiveCfg = Debug|Any CPU
		{67D6193A-B88D-46A8-A05E-3548CE19805F}.Debug|Any CPU.Build.0 = Debug|Any CPU
		{67D6193A-B88D-46A8-A05E-3548CE19805F}.Debug|Any CPU.Deploy.0 = Debug|Any CPU
		{67D6193A-B88D-46A8-A05E-3548CE19805F}.Release|Any CPU.ActiveCfg = Release|Any CPU
		{67D6193A-B88D-46A8-A05E-3548CE19805F}.Release|Any CPU.Build.0 = Release|Any CPU
		{67D6193A-B88D-46A8-A05E-3548CE19805F}.Release|Any CPU.Deploy.0 = Release|Any CPU
		{5AE6AF19-8648-40A6-ADC3-53A5D4B4F671}.Debug|Any CPU.ActiveCfg = Debug|Any CPU
		{5AE6AF19-8648-40A6-ADC3-53A5D4B4F671}.Debug|Any CPU.Build.0 = Debug|Any CPU
		{5AE6AF19-8648-40A6-ADC3-53A5D4B4F671}.Release|Any CPU.ActiveCfg = Release|Any CPU
		{5AE6AF19-8648-40A6-ADC3-53A5D4B4F671}.Release|Any CPU.Build.0 = Release|Any CPU
	EndGlobalSection
	GlobalSection(SolutionProperties) = preSolution
		HideSolutionNode = FALSE
	EndGlobalSection
	GlobalSection(ExtensibilityGlobals) = postSolution
		SolutionGuid = {EA10B5A3-820C-4706-B310-3FF9FDE270F6}
	EndGlobalSection
EndGlobal
